
Microsoft Visual Studio Solution File, Format Version 12.00
# Visual Studio Version 16
VisualStudioVersion = 16.0.34031.81
MinimumVisualStudioVersion = 10.0.40219.1
Project("{FAE04EC0-301F-11D3-BF4B-00C04F79EFBC}") = "WebApplication5", "WebApplication5\WebApplication5.csproj", "{8605B956-FB64-4598-B988-C0981FA7B7D5}"
EndProject
Global
	GlobalSection(SolutionConfigurationPlatforms) = preSolution
		Debug|Any CPU = Debug|Any CPU
		Release|Any CPU = Release|Any CPU
	EndGlobalSection
	GlobalSection(ProjectConfigurationPlatforms) = postSolution
		{8605B956-FB64-4598-B988-C0981FA7B7D5}.Debug|Any CPU.ActiveCfg = Debug|Any CPU
		{8605B956-FB64-4598-B988-C0981FA7B7D5}.Debug|Any CPU.Build.0 = Debug|Any CPU
		{8605B956-FB64-4598-B988-C0981FA7B7D5}.Release|Any CPU.ActiveCfg = Release|Any CPU
		{8605B956-FB64-4598-B988-C0981FA7B7D5}.Release|Any CPU.Build.0 = Release|Any CPU
	EndGlobalSection
	GlobalSection(SolutionProperties) = preSolution
		HideSolutionNode = FALSE
	EndGlobalSection
	GlobalSection(ExtensibilityGlobals) = postSolution
		SolutionGuid = {3DADE9D3-3881-452C-9C7D-6CEED46176E9}
	EndGlobalSection
EndGlobal
